
Microsoft Visual Studio Solution File, Format Version 12.00
# Visual Studio Version 17
VisualStudioVersion = 17.7.34018.315
MinimumVisualStudioVersion = 10.0.40219.1
Project("{FAE04EC0-301F-11D3-BF4B-00C04F79EFBC}") = "LifeSaverBookShopAPI", "LifeSaverBookShop\LifeSaverBookShopAPI.csproj", "{11274F6E-2364-4E3D-BF76-3E6063AD8E66}"
EndProject
Global
	GlobalSection(SolutionConfigurationPlatforms) = preSolution
		Debug|Any CPU = Debug|Any CPU
		Release|Any CPU = Release|Any CPU
	EndGlobalSection
	GlobalSection(ProjectConfigurationPlatforms) = postSolution
		{11274F6E-2364-4E3D-BF76-3E6063AD8E66}.Debug|Any CPU.ActiveCfg = Debug|Any CPU
		{11274F6E-2364-4E3D-BF76-3E6063AD8E66}.Debug|Any CPU.Build.0 = Debug|Any CPU
		{11274F6E-2364-4E3D-BF76-3E6063AD8E66}.Release|Any CPU.ActiveCfg = Release|Any CPU
		{11274F6E-2364-4E3D-BF76-3E6063AD8E66}.Release|Any CPU.Build.0 = Release|Any CPU
	EndGlobalSection
	GlobalSection(SolutionProperties) = preSolution
		HideSolutionNode = FALSE
	EndGlobalSection
	GlobalSection(ExtensibilityGlobals) = postSolution
		SolutionGuid = {99B784F9-C190-448E-99EC-5616009BAE92}
	EndGlobalSection
EndGlobal
